{
  "name": "coinbase-order-ts",
  "version": "1.0.0",
  "lockfileVersion": 1,
  "requires": true,
  "dependencies": {
    "@babel/runtime": {
      "version": "7.17.9",
      "resolved": "https://registry.npmjs.org/@babel/runtime/-/runtime-7.17.9.tgz",
      "integrity": "sha512-lSiBBvodq29uShpWGNbgFdKYNiFDo5/HIYsaCEY9ff4sb10x9jizo2+pRrSyF4jKZCXqgzuqBOQKbUm90gQwJg==",
      "requires": {
        "regenerator-runtime": "^0.13.4"
      }
    },
    "@cspotcode/source-map-consumer": {
      "version": "0.8.0",
      "resolved": "https://registry.npmjs.org/@cspotcode/source-map-consumer/-/source-map-consumer-0.8.0.tgz",
      "integrity": "sha512-41qniHzTU8yAGbCp04ohlmSrZf8bkf/iJsl3V0dRGsQN/5GFfx+LbCSsCpp2gqrqjTVg/K6O8ycoV35JIwAzAg==",
      "dev": true
    },
    "@cspotcode/source-map-support": {
      "version": "0.7.0",
      "resolved": "https://registry.npmjs.org/@cspotcode/source-map-support/-/source-map-support-0.7.0.tgz",
      "integrity": "sha512-X4xqRHqN8ACt2aHVe51OxeA2HjbcL4MqFqXkrmQszJ1NOUuUu5u6Vqx/0lZSVNku7velL5FC/s5uEAj1lsBMhA==",
      "dev": true,
      "requires": {
        "@cspotcode/source-map-consumer": "0.8.0"
      }
    },
    "@tsconfig/node10": {
      "version": "1.0.8",
      "resolved": "https://registry.npmjs.org/@tsconfig/node10/-/node10-1.0.8.tgz",
      "integrity": "sha512-6XFfSQmMgq0CFLY1MslA/CPUfhIL919M1rMsa5lP2P097N2Wd1sSX0tx1u4olM16fLNhtHZpRhedZJphNJqmZg==",
      "dev": true
    },
    "@tsconfig/node12": {
      "version": "1.0.9",
      "resolved": "https://registry.npmjs.org/@tsconfig/node12/-/node12-1.0.9.tgz",
      "integrity": "sha512-/yBMcem+fbvhSREH+s14YJi18sp7J9jpuhYByADT2rypfajMZZN4WQ6zBGgBKp53NKmqI36wFYDb3yaMPurITw==",
      "dev": true
    },
    "@tsconfig/node14": {
      "version": "1.0.1",
      "resolved": "https://registry.npmjs.org/@tsconfig/node14/-/node14-1.0.1.tgz",
      "integrity": "sha512-509r2+yARFfHHE7T6Puu2jjkoycftovhXRqW328PDXTVGKihlb1P8Z9mMZH04ebyajfRY7dedfGynlrFHJUQCg==",
      "dev": true
    },
    "@tsconfig/node16": {
      "version": "1.0.2",
      "resolved": "https://registry.npmjs.org/@tsconfig/node16/-/node16-1.0.2.tgz",
      "integrity": "sha512-eZxlbI8GZscaGS7kkc/trHTT5xgrjH3/1n2JDwusC9iahPKWMRvRjJSAN5mCXviuTGQ/lHnhvv8Q1YTpnfz9gA==",
      "dev": true
    },
    "@types/node": {
      "version": "17.0.30",
      "resolved": "https://registry.npmjs.org/@types/node/-/node-17.0.30.tgz",
      "integrity": "sha512-oNBIZjIqyHYP8VCNAV9uEytXVeXG2oR0w9lgAXro20eugRQfY002qr3CUl6BAe+Yf/z3CRjPdz27Pu6WWtuSRw=="
    },
    "@types/ws": {
      "version": "8.2.2",
      "resolved": "https://registry.npmjs.org/@types/ws/-/ws-8.2.2.tgz",
      "integrity": "sha512-NOn5eIcgWLOo6qW8AcuLZ7G8PycXu0xTxxkS6Q18VWFxgPUSOwV0pBj2a/4viNZVu25i7RIB7GttdkAIUUXOOg==",
      "requires": {
        "@types/node": "*"
      }
    },
    "arg": {
      "version": "4.1.3",
      "resolved": "https://registry.npmjs.org/arg/-/arg-4.1.3.tgz",
      "integrity": "sha512-58S9QDqG0Xx27YwPSt9fJxivjYl432YCwfDMfZ+71RAqUrZef7LrKQZ3LHLOwCS4FLNBplP533Zx895SeOCHvA==",
      "dev": true
    },
    "axios": {
      "version": "0.21.4",
      "resolved": "https://registry.npmjs.org/axios/-/axios-0.21.4.tgz",
      "integrity": "sha512-ut5vewkiu8jjGBdqpM44XxjuCjq9LAKeHVmoVfHVzy8eHgxxq8SbAVQNovDA8mVi05kP0Ea/n/UzcSHcTJQfNg==",
      "requires": {
        "follow-redirects": "^1.14.0"
      }
    },
    "axios-retry": {
      "version": "3.2.4",
      "resolved": "https://registry.npmjs.org/axios-retry/-/axios-retry-3.2.4.tgz",
      "integrity": "sha512-Co3UXiv4npi6lM963mfnuH90/YFLKWWDmoBYfxkHT5xtkSSWNqK9zdG3fw5/CP/dsoKB5aMMJCsgab+tp1OxLQ==",
      "requires": {
        "@babel/runtime": "^7.15.4",
        "is-retry-allowed": "^2.2.0"
      }
    },
    "base64-js": {
      "version": "1.5.1",
      "resolved": "https://registry.npmjs.org/base64-js/-/base64-js-1.5.1.tgz",
      "integrity": "sha512-AKpaYlHn8t4SVbOHCy+b5+KKgvR4vrsD8vbvrbiQJps7fKDTkjkDry6ji0rUJjC0kzbNePLwzxq8iypo41qeWA=="
    },
    "buffer": {
      "version": "6.0.3",
      "resolved": "https://registry.npmjs.org/buffer/-/buffer-6.0.3.tgz",
      "integrity": "sha512-FTiCpNxtwiZZHEZbcbTIcZjERVICn9yq/pDFkTl95/AxzD1naBctN7YO68riM/gLSDY7sdrMby8hofADYuuqOA==",
      "requires": {
        "base64-js": "^1.3.1",
        "ieee754": "^1.2.1"
      }
    },
    "bufferutil": {
      "version": "4.0.6",
      "resolved": "https://registry.npmjs.org/bufferutil/-/bufferutil-4.0.6.tgz",
      "integrity": "sha512-jduaYOYtnio4aIAyc6UbvPCVcgq7nYpVnucyxr6eCYg/Woad9Hf/oxxBRDnGGjPfjUm6j5O/uBWhIu4iLebFaw==",
      "requires": {
        "node-gyp-build": "^4.3.0"
      }
    },
    "coinbase-pro-node": {
      "version": "4.0.0",
      "resolved": "https://registry.npmjs.org/coinbase-pro-node/-/coinbase-pro-node-4.0.0.tgz",
      "integrity": "sha512-L+6ET36SnsjGkDVOz+JXz6NqHjuFWdqN01MIALPHLZHgYGYzwWsLFKsbiqHTb3m+nvB+OPeThJHYc+77r+y+EQ==",
      "requires": {
        "@types/ws": "8.2.2",
        "axios": "0.25.0",
        "axios-retry": "3.2.4",
        "buffer": "6.0.3",
        "bufferutil": "4.0.6",
        "reconnecting-websocket": "4.4.0",
        "utf-8-validate": "5.0.8",
        "ws": "8.4.2"
      },
      "dependencies": {
        "axios": {
          "version": "0.25.0",
          "resolved": "https://registry.npmjs.org/axios/-/axios-0.25.0.tgz",
          "integrity": "sha512-cD8FOb0tRH3uuEe6+evtAbgJtfxr7ly3fQjYcMcuPlgkwVS9xboaVIpcDV+cYQe+yGykgwZCs1pzjntcGa6l5g==",
          "requires": {
            "follow-redirects": "^1.14.7"
          }
        }
      }
    },
    "create-require": {
      "version": "1.1.1",
      "resolved": "https://registry.npmjs.org/create-require/-/create-require-1.1.1.tgz",
      "integrity": "sha512-dcKFX3jn0MpIaXjisoRvexIJVEKzaq7z2rZKxf+MSr9TkdmHmsU4m2lcLojrj/FHl8mk5VxMmYA+ftRkP/3oKQ==",
      "dev": true
    },
    "decimal": {
      "version": "0.0.2",
      "resolved": "https://registry.npmjs.org/decimal/-/decimal-0.0.2.tgz",
      "integrity": "sha1-GUPsUjaKD996NywsEM8fy8kbk+M="
    },
    "decimal.js": {
      "version": "10.2.0",
      "resolved": "https://registry.npmjs.org/decimal.js/-/decimal.js-10.2.0.tgz",
      "integrity": "sha512-vDPw+rDgn3bZe1+F/pyEwb1oMG2XTlRVgAa6B4KccTEpYgF8w6eQllVbQcfIJnZyvzFtFpxnpGtx8dd7DJp/Rw=="
    },
    "diff": {
      "version": "4.0.2",
      "resolved": "https://registry.npmjs.org/diff/-/diff-4.0.2.tgz",
      "integrity": "sha512-58lmxKSA4BNyLz+HHMUzlOEpg09FV+ev6ZMe3vJihgdxzgcwZ8VoEEPmALCZG9LmqfVoNMMKpttIYTVG6uDY7A==",
      "dev": true
    },
    "dotenv": {
      "version": "8.2.0",
      "resolved": "https://registry.npmjs.org/dotenv/-/dotenv-8.2.0.tgz",
      "integrity": "sha512-8sJ78ElpbDJBHNeBzUbUVLsqKdccaa/BXF1uPTw3GrvQTBgrQrtObr2mUrE38vzYd8cEv+m/JBfDLioYcfXoaw=="
    },
    "eslint-plugin-prettier": {
      "version": "2.7.0",
      "resolved": "https://registry.npmjs.org/eslint-plugin-prettier/-/eslint-plugin-prettier-2.7.0.tgz",
      "integrity": "sha512-CStQYJgALoQBw3FsBzH0VOVDRnJ/ZimUlpLm226U8qgqYJfPOY/CPK6wyRInMxh73HSKg5wyRwdS4BVYYHwokA==",
      "dev": true,
      "requires": {
        "fast-diff": "^1.1.1",
        "jest-docblock": "^21.0.0"
      }
    },
    "fast-diff": {
      "version": "1.2.0",
      "resolved": "https://registry.npmjs.org/fast-diff/-/fast-diff-1.2.0.tgz",
      "integrity": "sha512-xJuoT5+L99XlZ8twedaRf6Ax2TgQVxvgZOYoPKqZufmJib0tL2tegPBOZb1pVNgIhlqDlA0eO0c3wBvQcmzx4w==",
      "dev": true
    },
    "follow-redirects": {
      "version": "1.15.4",
      "resolved": "https://registry.npmjs.org/follow-redirects/-/follow-redirects-1.15.4.tgz",
      "integrity": "sha512-Cr4D/5wlrb0z9dgERpUL3LrmPKVDsETIJhaCMeDfuFYcqa5bldGV6wBsAN6X/vxlXQtFBMrXdXxdL8CbDTGniw=="
    },
    "ieee754": {
      "version": "1.2.1",
      "resolved": "https://registry.npmjs.org/ieee754/-/ieee754-1.2.1.tgz",
      "integrity": "sha512-dcyqhDvX1C46lXZcVqCpK+FtMRQVdIMN6/Df5js2zouUsqG7I6sFxitIC+7KYK29KdXOLHdu9zL4sFnoVQnqaA=="
    },
    "is-retry-allowed": {
      "version": "2.2.0",
      "resolved": "https://registry.npmjs.org/is-retry-allowed/-/is-retry-allowed-2.2.0.tgz",
      "integrity": "sha512-XVm7LOeLpTW4jV19QSH38vkswxoLud8sQ57YwJVTPWdiaI9I8keEhGFpBlslyVsgdQy4Opg8QOLb8YRgsyZiQg=="
    },
    "jest-docblock": {
      "version": "21.2.0",
      "resolved": "https://registry.npmjs.org/jest-docblock/-/jest-docblock-21.2.0.tgz",
      "integrity": "sha512-5IZ7sY9dBAYSV+YjQ0Ovb540Ku7AO9Z5o2Cg789xj167iQuZ2cG+z0f3Uct6WeYLbU6aQiM2pCs7sZ+4dotydw==",
      "dev": true
    },
    "lines-and-columns": {
      "version": "1.1.6",
      "resolved": "https://registry.npmjs.org/lines-and-columns/-/lines-and-columns-1.1.6.tgz",
      "integrity": "sha1-HADHQ7QzzQpOgHWPe2SldEDZ/wA=",
      "dev": true
    },
    "make-error": {
      "version": "1.3.6",
      "resolved": "https://registry.npmjs.org/make-error/-/make-error-1.3.6.tgz",
      "integrity": "sha512-s8UhlNe7vPKomQhC1qFelMokr/Sc3AgNbso3n74mVPA5LTZwkB9NlXf4XPamLxJE8h0gh73rM94xvwRT2CVInw==",
      "dev": true
    },
    "node-gyp-build": {
      "version": "4.4.0",
      "resolved": "https://registry.npmjs.org/node-gyp-build/-/node-gyp-build-4.4.0.tgz",
      "integrity": "sha512-amJnQCcgtRVw9SvoebO3BKGESClrfXGCUTX9hSn1OuGQTQBOZmVd0Z0OlecpuRksKvbsUqALE8jls/ErClAPuQ=="
    },
    "prettier": {
      "version": "2.0.5",
      "resolved": "https://registry.npmjs.org/prettier/-/prettier-2.0.5.tgz",
      "integrity": "sha512-7PtVymN48hGcO4fGjybyBSIWDsLU4H4XlvOHfq91pz9kkGlonzwTfYkaIEwiRg/dAJF9YlbsduBAgtYLi+8cFg==",
      "dev": true
    },
    "reconnecting-websocket": {
      "version": "4.4.0",
      "resolved": "https://registry.npmjs.org/reconnecting-websocket/-/reconnecting-websocket-4.4.0.tgz",
      "integrity": "sha512-D2E33ceRPga0NvTDhJmphEgJ7FUYF0v4lr1ki0csq06OdlxKfugGzN0dSkxM/NfqCxYELK4KcaTOUOjTV6Dcng=="
    },
    "regenerator-runtime": {
      "version": "0.13.9",
      "resolved": "https://registry.npmjs.org/regenerator-runtime/-/regenerator-runtime-0.13.9.tgz",
      "integrity": "sha512-p3VT+cOEgxFsRRA9X4lkI1E+k2/CtnKtU4gcxyaCUreilL/vqI6CdZ3wxVUx3UOUg+gnUOQQcRI7BmSI656MYA=="
    },
    "ts-node": {
      "version": "10.7.0",
      "resolved": "https://registry.npmjs.org/ts-node/-/ts-node-10.7.0.tgz",
      "integrity": "sha512-TbIGS4xgJoX2i3do417KSaep1uRAW/Lu+WAL2doDHC0D6ummjirVOXU5/7aiZotbQ5p1Zp9tP7U6cYhA0O7M8A==",
      "dev": true,
      "requires": {
        "@cspotcode/source-map-support": "0.7.0",
        "@tsconfig/node10": "^1.0.7",
        "@tsconfig/node12": "^1.0.7",
        "@tsconfig/node14": "^1.0.0",
        "@tsconfig/node16": "^1.0.2",
        "acorn": "^8.4.1",
        "acorn-walk": "^8.1.1",
        "arg": "^4.1.0",
        "create-require": "^1.1.0",
        "diff": "^4.0.1",
        "make-error": "^1.1.1",
        "v8-compile-cache-lib": "^3.0.0",
        "yn": "3.1.1"
      },
      "dependencies": {
        "acorn": {
          "version": "8.7.0",
          "resolved": "https://registry.npmjs.org/acorn/-/acorn-8.7.0.tgz",
          "integrity": "sha512-V/LGr1APy+PXIwKebEWrkZPwoeoF+w1jiOBUmuxuiUIaOHtob8Qc9BTrYo7VuI5fR8tqsy+buA2WFooR5olqvQ==",
          "dev": true
        },
        "acorn-walk": {
          "version": "8.2.0",
          "resolved": "https://registry.npmjs.org/acorn-walk/-/acorn-walk-8.2.0.tgz",
          "integrity": "sha512-k+iyHEuPgSw6SbuDpGQM+06HQUa04DZ3o+F6CSzXMvvI5KMvnaEqXe+YVe555R9nn6GPt404fos4wcgpw12SDA==",
          "dev": true
        }
      }
    },
    "tslib": {
      "version": "1.13.0",
      "resolved": "https://registry.npmjs.org/tslib/-/tslib-1.13.0.tgz",
      "integrity": "sha512-i/6DQjL8Xf3be4K/E6Wgpekn5Qasl1usyw++dAA35Ue5orEn65VIxOA+YvNNl9HV3qv70T7CNwjODHZrLwvd1Q==",
      "dev": true
    },
    "tslint-config-prettier": {
      "version": "1.18.0",
      "resolved": "https://registry.npmjs.org/tslint-config-prettier/-/tslint-config-prettier-1.18.0.tgz",
      "integrity": "sha512-xPw9PgNPLG3iKRxmK7DWr+Ea/SzrvfHtjFt5LBl61gk2UBG/DB9kCXRjv+xyIU1rUtnayLeMUVJBcMX8Z17nDg==",
      "dev": true
    },
    "tslint-plugin-prettier": {
      "version": "2.3.0",
      "resolved": "https://registry.npmjs.org/tslint-plugin-prettier/-/tslint-plugin-prettier-2.3.0.tgz",
      "integrity": "sha512-F9e4K03yc9xuvv+A0v1EmjcnDwpz8SpCD8HzqSDe0eyg34cBinwn9JjmnnRrNAs4HdleRQj7qijp+P/JTxt4vA==",
      "dev": true,
      "requires": {
        "eslint-plugin-prettier": "^2.2.0",
        "lines-and-columns": "^1.1.6",
        "tslib": "^1.7.1"
      }
    },
    "typescript": {
      "version": "3.9.5",
      "resolved": "https://registry.npmjs.org/typescript/-/typescript-3.9.5.tgz",
      "integrity": "sha512-hSAifV3k+i6lEoCJ2k6R2Z/rp/H3+8sdmcn5NrS3/3kE7+RyZXm9aqvxWqjEXHAd8b0pShatpcdMTvEdvAJltQ=="
    },
    "utf-8-validate": {
      "version": "5.0.8",
      "resolved": "https://registry.npmjs.org/utf-8-validate/-/utf-8-validate-5.0.8.tgz",
      "integrity": "sha512-k4dW/Qja1BYDl2qD4tOMB9PFVha/UJtxTc1cXYOe3WwA/2m0Yn4qB7wLMpJyLJ/7DR0XnTut3HsCSzDT4ZvKgA==",
      "requires": {
        "node-gyp-build": "^4.3.0"
      }
    },
    "v8-compile-cache-lib": {
      "version": "3.0.0",
      "resolved": "https://registry.npmjs.org/v8-compile-cache-lib/-/v8-compile-cache-lib-3.0.0.tgz",
      "integrity": "sha512-mpSYqfsFvASnSn5qMiwrr4VKfumbPyONLCOPmsR3A6pTY/r0+tSaVbgPWSAIuzbk3lCTa+FForeTiO+wBQGkjA==",
      "dev": true
    },
    "ws": {
      "version": "8.4.2",
      "resolved": "https://registry.npmjs.org/ws/-/ws-8.4.2.tgz",
      "integrity": "sha512-Kbk4Nxyq7/ZWqr/tarI9yIt/+iNNFOjBXEWgTb4ydaNHBNGgvf2QHbS9fdfsndfjFlFwEd4Al+mw83YkaD10ZA=="
    },
    "yn": {
      "version": "3.1.1",
      "resolved": "https://registry.npmjs.org/yn/-/yn-3.1.1.tgz",
      "integrity": "sha512-Ux4ygGWsu2c7isFWe8Yu1YluJmqVhxqK2cLXNQA5AcC3QfbGNpM7fu0Y8b/z16pXLnFxZYvWhd3fhBY9DLmC6Q==",
      "dev": true
    }
  }
}
